// !$*UTF8*$!
{
	archiveVersion = 1;
	classes = {
	};
	objectVersion = 56;
	objects = {

/* Begin PBXBuildFile section */
		7CB0247C29B6B56F00E4E753 /* GoogleService-Info.plist in Resources */ = {isa = PBXBuildFile; fileRef = 7CB0247B29B6B56F00E4E753 /* GoogleService-Info.plist */; };
		7CB0247E29B7670200E4E753 /* HomeViewController.xib in Resources */ = {isa = PBXBuildFile; fileRef = 7CB0247D29B7670200E4E753 /* HomeViewController.xib */; };
		7CE41D3C29B62A0200A74C87 /* HomeViewController.swift in Sources */ = {isa = PBXBuildFile; fileRef = 7CE41D3B29B62A0200A74C87 /* HomeViewController.swift */; };
		7CE7A70729B6177D0040EA80 /* AppDelegate.swift in Sources */ = {isa = PBXBuildFile; fileRef = 7CE7A70629B6177D0040EA80 /* AppDelegate.swift */; };
		7CE7A70929B6177D0040EA80 /* SceneDelegate.swift in Sources */ = {isa = PBXBuildFile; fileRef = 7CE7A70829B6177D0040EA80 /* SceneDelegate.swift */; };
		7CE7A70B29B6177D0040EA80 /* AuthViewController.swift in Sources */ = {isa = PBXBuildFile; fileRef = 7CE7A70A29B6177D0040EA80 /* AuthViewController.swift */; };
		7CE7A70E29B6177D0040EA80 /* Main.storyboard in Resources */ = {isa = PBXBuildFile; fileRef = 7CE7A70C29B6177D0040EA80 /* Main.storyboard */; };
		7CE7A71029B6177D0040EA80 /* Assets.xcassets in Resources */ = {isa = PBXBuildFile; fileRef = 7CE7A70F29B6177D0040EA80 /* Assets.xcassets */; };
		7CE7A71329B6177D0040EA80 /* LaunchScreen.storyboard in Resources */ = {isa = PBXBuildFile; fileRef = 7CE7A71129B6177D0040EA80 /* LaunchScreen.storyboard */; };
		C94E8F69A004A218229271F4 /* Pods_Networking_Firebase.framework in Frameworks */ = {isa = PBXBuildFile; fileRef = D5107FEE337B66DAC963DFCC /* Pods_Networking_Firebase.framework */; };
/* End PBXBuildFile section */

/* Begin PBXFileReference section */
		003A863EB3550BC9D9C0E71F /* Pods-Networking-Firebase.debug.xcconfig */ = {isa = PBXFileReference; includeInIndex = 1; lastKnownFileType = text.xcconfig; name = "Pods-Networking-Firebase.debug.xcconfig"; path = "Target Support Files/Pods-Networking-Firebase/Pods-Networking-Firebase.debug.xcconfig"; sourceTree = "<group>"; };
		7CB0247B29B6B56F00E4E753 /* GoogleService-Info.plist */ = {isa = PBXFileReference; fileEncoding = 4; lastKnownFileType = text.plist.xml; path = "GoogleService-Info.plist"; sourceTree = "<group>"; };
		7CB0247D29B7670200E4E753 /* HomeViewController.xib */ = {isa = PBXFileReference; lastKnownFileType = file.xib; path = HomeViewController.xib; sourceTree = "<group>"; };
		7CB0247F29B8C16200E4E753 /* Networking-Firebase.entitlements */ = {isa = PBXFileReference; lastKnownFileType = text.plist.entitlements; path = "Networking-Firebase.entitlements"; sourceTree = "<group>"; };
		7CE41D3B29B62A0200A74C87 /* HomeViewController.swift */ = {isa = PBXFileReference; lastKnownFileType = sourcecode.swift; path = HomeViewController.swift; sourceTree = "<group>"; };
		7CE7A70329B6177D0040EA80 /* Networking-Firebase.app */ = {isa = PBXFileReference; explicitFileType = wrapper.application; includeInIndex = 0; path = "Networking-Firebase.app"; sourceTree = BUILT_PRODUCTS_DIR; };
		7CE7A70629B6177D0040EA80 /* AppDelegate.swift */ = {isa = PBXFileReference; lastKnownFileType = sourcecode.swift; path = AppDelegate.swift; sourceTree = "<group>"; };
		7CE7A70829B6177D0040EA80 /* SceneDelegate.swift */ = {isa = PBXFileReference; lastKnownFileType = sourcecode.swift; path = SceneDelegate.swift; sourceTree = "<group>"; };
		7CE7A70A29B6177D0040EA80 /* AuthViewController.swift */ = {isa = PBXFileReference; lastKnownFileType = sourcecode.swift; path = AuthViewController.swift; sourceTree = "<group>"; };
		7CE7A70D29B6177D0040EA80 /* Base */ = {isa = PBXFileReference; lastKnownFileType = file.storyboard; name = Base; path = Base.lproj/Main.storyboard; sourceTree = "<group>"; };
		7CE7A70F29B6177D0040EA80 /* Assets.xcassets */ = {isa = PBXFileReference; lastKnownFileType = folder.assetcatalog; path = Assets.xcassets; sourceTree = "<group>"; };
		7CE7A71229B6177D0040EA80 /* Base */ = {isa = PBXFileReference; lastKnownFileType = file.storyboard; name = Base; path = Base.lproj/LaunchScreen.storyboard; sourceTree = "<group>"; };
		7CE7A71429B6177D0040EA80 /* Info.plist */ = {isa = PBXFileReference; lastKnownFileType = text.plist.xml; path = Info.plist; sourceTree = "<group>"; };
		91F021E7F8683AE29A028C3B /* Pods-Networking-Firebase.release.xcconfig */ = {isa = PBXFileReference; includeInIndex = 1; lastKnownFileType = text.xcconfig; name = "Pods-Networking-Firebase.release.xcconfig"; path = "Target Support Files/Pods-Networking-Firebase/Pods-Networking-Firebase.release.xcconfig"; sourceTree = "<group>"; };
		D5107FEE337B66DAC963DFCC /* Pods_Networking_Firebase.framework */ = {isa = PBXFileReference; explicitFileType = wrapper.framework; includeInIndex = 0; path = Pods_Networking_Firebase.framework; sourceTree = BUILT_PRODUCTS_DIR; };
/* End PBXFileReference section */

/* Begin PBXFrameworksBuildPhase section */
		7CE7A70029B6177D0040EA80 /* Frameworks */ = {
			isa = PBXFrameworksBuildPhase;
			buildActionMask = 2147483647;
			files = (
				C94E8F69A004A218229271F4 /* Pods_Networking_Firebase.framework in Frameworks */,
			);
			runOnlyForDeploymentPostprocessing = 0;
		};
/* End PBXFrameworksBuildPhase section */

/* Begin PBXGroup section */
		1A0914BC20927689319F508C /* Pods */ = {
			isa = PBXGroup;
			children = (
				003A863EB3550BC9D9C0E71F /* Pods-Networking-Firebase.debug.xcconfig */,
				91F021E7F8683AE29A028C3B /* Pods-Networking-Firebase.release.xcconfig */,
			);
			path = Pods;
			sourceTree = "<group>";
		};
		7CE7A6FA29B6177D0040EA80 = {
			isa = PBXGroup;
			children = (
				7CE7A70529B6177D0040EA80 /* Networking-Firebase */,
				7CE7A70429B6177D0040EA80 /* Products */,
				1A0914BC20927689319F508C /* Pods */,
				CA7AFE76906BB5FCDAEB7070 /* Frameworks */,
			);
			sourceTree = "<group>";
		};
		7CE7A70429B6177D0040EA80 /* Products */ = {
			isa = PBXGroup;
			children = (
				7CE7A70329B6177D0040EA80 /* Networking-Firebase.app */,
			);
			name = Products;
			sourceTree = "<group>";
		};
		7CE7A70529B6177D0040EA80 /* Networking-Firebase */ = {
			isa = PBXGroup;
			children = (
				7CB0247F29B8C16200E4E753 /* Networking-Firebase.entitlements */,
				7CE7A70629B6177D0040EA80 /* AppDelegate.swift */,
				7CE7A70829B6177D0040EA80 /* SceneDelegate.swift */,
				7CE7A70A29B6177D0040EA80 /* AuthViewController.swift */,
				7CE7A70C29B6177D0040EA80 /* Main.storyboard */,
				7CE7A70F29B6177D0040EA80 /* Assets.xcassets */,
				7CE7A71129B6177D0040EA80 /* LaunchScreen.storyboard */,
				7CE7A71429B6177D0040EA80 /* Info.plist */,
				7CE41D3B29B62A0200A74C87 /* HomeViewController.swift */,
				7CB0247B29B6B56F00E4E753 /* GoogleService-Info.plist */,
				7CB0247D29B7670200E4E753 /* HomeViewController.xib */,
			);
			path = "Networking-Firebase";
			sourceTree = "<group>";
		};
		CA7AFE76906BB5FCDAEB7070 /* Frameworks */ = {
			isa = PBXGroup;
			children = (
				D5107FEE337B66DAC963DFCC /* Pods_Networking_Firebase.framework */,
			);
			name = Frameworks;
			sourceTree = "<group>";
		};
/* End PBXGroup section */

/* Begin PBXNativeTarget section */
		7CE7A70229B6177D0040EA80 /* Networking-Firebase */ = {
			isa = PBXNativeTarget;
			buildConfigurationList = 7CE7A71729B6177D0040EA80 /* Build configuration list for PBXNativeTarget "Networking-Firebase" */;
			buildPhases = (
				6FD67CA630C7C097EFE660F6 /* [CP] Check Pods Manifest.lock */,
				7CE7A6FF29B6177D0040EA80 /* Sources */,
				7CE7A70029B6177D0040EA80 /* Frameworks */,
				7CE7A70129B6177D0040EA80 /* Resources */,
				901366DA6A12856B73A5DE1C /* [CP] Embed Pods Frameworks */,
			);
			buildRules = (
			);
			dependencies = (
			);
			name = "Networking-Firebase";
			productName = "Networking-Firebase";
			productReference = 7CE7A70329B6177D0040EA80 /* Networking-Firebase.app */;
			productType = "com.apple.product-type.application";
		};
/* End PBXNativeTarget section */

/* Begin PBXProject section */
		7CE7A6FB29B6177D0040EA80 /* Project object */ = {
			isa = PBXProject;
			attributes = {
				BuildIndependentTargetsInParallel = 1;
				LastSwiftUpdateCheck = 1420;
				LastUpgradeCheck = 1420;
				TargetAttributes = {
					7CE7A70229B6177D0040EA80 = {
						CreatedOnToolsVersion = 14.2;
					};
				};
			};
			buildConfigurationList = 7CE7A6FE29B6177D0040EA80 /* Build configuration list for PBXProject "Networking-Firebase" */;
			compatibilityVersion = "Xcode 14.0";
			developmentRegion = en;
			hasScannedForEncodings = 0;
			knownRegions = (
				en,
				Base,
			);
			mainGroup = 7CE7A6FA29B6177D0040EA80;
			productRefGroup = 7CE7A70429B6177D0040EA80 /* Products */;
			projectDirPath = "";
			projectRoot = "";
			targets = (
				7CE7A70229B6177D0040EA80 /* Networking-Firebase */,
			);
		};
/* End PBXProject section */

/* Begin PBXResourcesBuildPhase section */
		7CE7A70129B6177D0040EA80 /* Resources */ = {
			isa = PBXResourcesBuildPhase;
			buildActionMask = 2147483647;
			files = (
				7CE7A71329B6177D0040EA80 /* LaunchScreen.storyboard in Resources */,
				7CE7A71029B6177D0040EA80 /* Assets.xcassets in Resources */,
				7CB0247E29B7670200E4E753 /* HomeViewController.xib in Resources */,
				7CB0247C29B6B56F00E4E753 /* GoogleService-Info.plist in Resources */,
				7CE7A70E29B6177D0040EA80 /* Main.storyboard in Resources */,
			);
			runOnlyForDeploymentPostprocessing = 0;
		};
/* End PBXResourcesBuildPhase section */

/* Begin PBXShellScriptBuildPhase section */
		6FD67CA630C7C097EFE660F6 /* [CP] Check Pods Manifest.lock */ = {
			isa = PBXShellScriptBuildPhase;
			buildActionMask = 2147483647;
			files = (
			);
			inputFileListPaths = (
			);
			inputPaths = (
				"${PODS_PODFILE_DIR_PATH}/Podfile.lock",
				"${PODS_ROOT}/Manifest.lock",
			);
			name = "[CP] Check Pods Manifest.lock";
			outputFileListPaths = (
			);
			outputPaths = (
				"$(DERIVED_FILE_DIR)/Pods-Networking-Firebase-checkManifestLockResult.txt",
			);
			runOnlyForDeploymentPostprocessing = 0;
			shellPath = /bin/sh;
			shellScript = "diff \"${PODS_PODFILE_DIR_PATH}/Podfile.lock\" \"${PODS_ROOT}/Manifest.lock\" > /dev/null\nif [ $? != 0 ] ; then\n    # print error to STDERR\n    echo \"error: The sandbox is not in sync with the Podfile.lock. Run 'pod install' or update your CocoaPods installation.\" >&2\n    exit 1\nfi\n# This output is used by Xcode 'outputs' to avoid re-running this script phase.\necho \"SUCCESS\" > \"${SCRIPT_OUTPUT_FILE_0}\"\n";
			showEnvVarsInLog = 0;
		};
		901366DA6A12856B73A5DE1C /* [CP] Embed Pods Frameworks */ = {
			isa = PBXShellScriptBuildPhase;
			buildActionMask = 2147483647;
			files = (
			);
			inputFileListPaths = (
				"${PODS_ROOT}/Target Support Files/Pods-Networking-Firebase/Pods-Networking-Firebase-frameworks-${CONFIGURATION}-input-files.xcfilelist",
			);
			name = "[CP] Embed Pods Frameworks";
			outputFileListPaths = (
				"${PODS_ROOT}/Target Support Files/Pods-Networking-Firebase/Pods-Networking-Firebase-frameworks-${CONFIGURATION}-output-files.xcfilelist",
			);
			runOnlyForDeploymentPostprocessing = 0;
			shellPath = /bin/sh;
			shellScript = "\"${PODS_ROOT}/Target Support Files/Pods-Networking-Firebase/Pods-Networking-Firebase-frameworks.sh\"\n";
			showEnvVarsInLog = 0;
		};
/* End PBXShellScriptBuildPhase section */

/* Begin PBXSourcesBuildPhase section */
		7CE7A6FF29B6177D0040EA80 /* Sources */ = {
			isa = PBXSourcesBuildPhase;
			buildActionMask = 2147483647;
			files = (
				7CE7A70B29B6177D0040EA80 /* AuthViewController.swift in Sources */,
				7CE7A70729B6177D0040EA80 /* AppDelegate.swift in Sources */,
				7CE7A70929B6177D0040EA80 /* SceneDelegate.swift in Sources */,
				7CE41D3C29B62A0200A74C87 /* HomeViewController.swift in Sources */,
			);
			runOnlyForDeploymentPostprocessing = 0;
		};
/* End PBXSourcesBuildPhase section */

/* Begin PBXVariantGroup section */
		7CE7A70C29B6177D0040EA80 /* Main.storyboard */ = {
			isa = PBXVariantGroup;
			children = (
				7CE7A70D29B6177D0040EA80 /* Base */,
			);
			name = Main.storyboard;
			sourceTree = "<group>";
		};
		7CE7A71129B6177D0040EA80 /* LaunchScreen.storyboard */ = {
			isa = PBXVariantGroup;
			children = (
				7CE7A71229B6177D0040EA80 /* Base */,
			);
			name = LaunchScreen.storyboard;
			sourceTree = "<group>";
		};
/* End PBXVariantGroup section */

/* Begin XCBuildConfiguration section */
		7CE7A71529B6177D0040EA80 /* Debug */ = {
			isa = XCBuildConfiguration;
			buildSettings = {
				ALWAYS_SEARCH_USER_PATHS = NO;
				CLANG_ANALYZER_NONNULL = YES;
				CLANG_ANALYZER_NUMBER_OBJECT_CONVERSION = YES_AGGRESSIVE;
				CLANG_CXX_LANGUAGE_STANDARD = "gnu++20";
				CLANG_ENABLE_MODULES = YES;
				CLANG_ENABLE_OBJC_ARC = YES;
				CLANG_ENABLE_OBJC_WEAK = YES;
				CLANG_WARN_BLOCK_CAPTURE_AUTORELEASING = YES;
				CLANG_WARN_BOOL_CONVERSION = YES;
				CLANG_WARN_COMMA = YES;
				CLANG_WARN_CONSTANT_CONVERSION = YES;
				CLANG_WARN_DEPRECATED_OBJC_IMPLEMENTATIONS = YES;
				CLANG_WARN_DIRECT_OBJC_ISA_USAGE = YES_ERROR;
				CLANG_WARN_DOCUMENTATION_COMMENTS = YES;
				CLANG_WARN_EMPTY_BODY = YES;
				CLANG_WARN_ENUM_CONVERSION = YES;
				CLANG_WARN_INFINITE_RECURSION = YES;
				CLANG_WARN_INT_CONVERSION = YES;
				CLANG_WARN_NON_LITERAL_NULL_CONVERSION = YES;
				CLANG_WARN_OBJC_IMPLICIT_RETAIN_SELF = YES;
				CLANG_WARN_OBJC_LITERAL_CONVERSION = YES;
				CLANG_WARN_OBJC_ROOT_CLASS = YES_ERROR;
				CLANG_WARN_QUOTED_INCLUDE_IN_FRAMEWORK_HEADER = YES;
				CLANG_WARN_RANGE_LOOP_ANALYSIS = YES;
				CLANG_WARN_STRICT_PROTOTYPES = YES;
				CLANG_WARN_SUSPICIOUS_MOVE = YES;
				CLANG_WARN_UNGUARDED_AVAILABILITY = YES_AGGRESSIVE;
				CLANG_WARN_UNREACHABLE_CODE = YES;
				CLANG_WARN__DUPLICATE_METHOD_MATCH = YES;
				COPY_PHASE_STRIP = NO;
				DEBUG_INFORMATION_FORMAT = dwarf;
				ENABLE_STRICT_OBJC_MSGSEND = YES;
				ENABLE_TESTABILITY = YES;
				GCC_C_LANGUAGE_STANDARD = gnu11;
				GCC_DYNAMIC_NO_PIC = NO;
				GCC_NO_COMMON_BLOCKS = YES;
				GCC_OPTIMIZATION_LEVEL = 0;
				GCC_PREPROCESSOR_DEFINITIONS = (
					"DEBUG=1",
					"$(inherited)",
				);
				GCC_WARN_64_TO_32_BIT_CONVERSION = YES;
				GCC_WARN_ABOUT_RETURN_TYPE = YES_ERROR;
				GCC_WARN_UNDECLARED_SELECTOR = YES;
				GCC_WARN_UNINITIALIZED_AUTOS = YES_AGGRESSIVE;
				GCC_WARN_UNUSED_FUNCTION = YES;
				GCC_WARN_UNUSED_VARIABLE = YES;
				IPHONEOS_DEPLOYMENT_TARGET = 16.2;
				MTL_ENABLE_DEBUG_INFO = INCLUDE_SOURCE;
				MTL_FAST_MATH = YES;
				ONLY_ACTIVE_ARCH = YES;
				SDKROOT = iphoneos;
				SWIFT_ACTIVE_COMPILATION_CONDITIONS = DEBUG;
				SWIFT_OPTIMIZATION_LEVEL = "-Onone";
			};
			name = Debug;
		};
		7CE7A71629B6177D0040EA80 /* Release */ = {
			isa = XCBuildConfiguration;
			buildSettings = {
				ALWAYS_SEARCH_USER_PATHS = NO;
				CLANG_ANALYZER_NONNULL = YES;
				CLANG_ANALYZER_NUMBER_OBJECT_CONVERSION = YES_AGGRESSIVE;
				CLANG_CXX_LANGUAGE_STANDARD = "gnu++20";
				CLANG_ENABLE_MODULES = YES;
				CLANG_ENABLE_OBJC_ARC = YES;
				CLANG_ENABLE_OBJC_WEAK = YES;
				CLANG_WARN_BLOCK_CAPTURE_AUTORELEASING = YES;
				CLANG_WARN_BOOL_CONVERSION = YES;
				CLANG_WARN_COMMA = YES;
				CLANG_WARN_CONSTANT_CONVERSION = YES;
				CLANG_WARN_DEPRECATED_OBJC_IMPLEMENTATIONS = YES;
				CLANG_WARN_DIRECT_OBJC_ISA_USAGE = YES_ERROR;
				CLANG_WARN_DOCUMENTATION_COMMENTS = YES;
				CLANG_WARN_EMPTY_BODY = YES;
				CLANG_WARN_ENUM_CONVERSION = YES;
				CLANG_WARN_INFINITE_RECURSION = YES;
				CLANG_WARN_INT_CONVERSION = YES;
				CLANG_WARN_NON_LITERAL_NULL_CONVERSION = YES;
				CLANG_WARN_OBJC_IMPLICIT_RETAIN_SELF = YES;
				CLANG_WARN_OBJC_LITERAL_CONVERSION = YES;
				CLANG_WARN_OBJC_ROOT_CLASS = YES_ERROR;
				CLANG_WARN_QUOTED_INCLUDE_IN_FRAMEWORK_HEADER = YES;
				CLANG_WARN_RANGE_LOOP_ANALYSIS = YES;
				CLANG_WARN_STRICT_PROTOTYPES = YES;
				CLANG_WARN_SUSPICIOUS_MOVE = YES;
				CLANG_WARN_UNGUARDED_AVAILABILITY = YES_AGGRESSIVE;
				CLANG_WARN_UNREACHABLE_CODE = YES;
				CLANG_WARN__DUPLICATE_METHOD_MATCH = YES;
				COPY_PHASE_STRIP = NO;
				DEBUG_INFORMATION_FORMAT = "dwarf-with-dsym";
				ENABLE_NS_ASSERTIONS = NO;
				ENABLE_STRICT_OBJC_MSGSEND = YES;
				GCC_C_LANGUAGE_STANDARD = gnu11;
				GCC_NO_COMMON_BLOCKS = YES;
				GCC_WARN_64_TO_32_BIT_CONVERSION = YES;
				GCC_WARN_ABOUT_RETURN_TYPE = YES_ERROR;
				GCC_WARN_UNDECLARED_SELECTOR = YES;
				GCC_WARN_UNINITIALIZED_AUTOS = YES_AGGRESSIVE;
				GCC_WARN_UNUSED_FUNCTION = YES;
				GCC_WARN_UNUSED_VARIABLE = YES;
				IPHONEOS_DEPLOYMENT_TARGET = 16.2;
				MTL_ENABLE_DEBUG_INFO = NO;
				MTL_FAST_MATH = YES;
				SDKROOT = iphoneos;
				SWIFT_COMPILATION_MODE = wholemodule;
				SWIFT_OPTIMIZATION_LEVEL = "-O";
				VALIDATE_PRODUCT = YES;
			};
			name = Release;
		};
		7CE7A71829B6177D0040EA80 /* Debug */ = {
			isa = XCBuildConfiguration;
			baseConfigurationReference = 003A863EB3550BC9D9C0E71F /* Pods-Networking-Firebase.debug.xcconfig */;
			buildSettings = {
				ASSETCATALOG_COMPILER_APPICON_NAME = AppIcon;
				ASSETCATALOG_COMPILER_GLOBAL_ACCENT_COLOR_NAME = AccentColor;
				CODE_SIGN_ENTITLEMENTS = "Networking-Firebase/Networking-Firebase.entitlements";
				CODE_SIGN_STYLE = Automatic;
				CURRENT_PROJECT_VERSION = 1;
				DEVELOPMENT_TEAM = 642YYCTC4L;
				GENERATE_INFOPLIST_FILE = YES;
				INFOPLIST_FILE = "Networking-Firebase/Info.plist";
				INFOPLIST_KEY_CFBundleDisplayName = Networking;
				INFOPLIST_KEY_UIApplicationSupportsIndirectInputEvents = YES;
				INFOPLIST_KEY_UILaunchStoryboardName = LaunchScreen;
				INFOPLIST_KEY_UIMainStoryboardFile = Main;
				INFOPLIST_KEY_UISupportedInterfaceOrientations_iPad = "UIInterfaceOrientationPortrait UIInterfaceOrientationPortraitUpsideDown UIInterfaceOrientationLandscapeLeft UIInterfaceOrientationLandscapeRight";
				INFOPLIST_KEY_UISupportedInterfaceOrientations_iPhone = "UIInterfaceOrientationPortrait UIInterfaceOrientationLandscapeLeft UIInterfaceOrientationLandscapeRight";
				IPHONEOS_DEPLOYMENT_TARGET = 15.0;
				LD_RUNPATH_SEARCH_PATHS = (
					"$(inherited)",
					"@executable_path/Frameworks",
				);
				MARKETING_VERSION = 1.0;
				PRODUCT_BUNDLE_IDENTIFIER = "com.geroschmidt.Networking-Firebase";
				PRODUCT_NAME = "$(TARGET_NAME)";
				SWIFT_EMIT_LOC_STRINGS = YES;
				SWIFT_VERSION = 5.0;
				TARGETED_DEVICE_FAMILY = "1,2";
			};
			name = Debug;
		};
		7CE7A71929B6177D0040EA80 /* Release */ = {
			isa = XCBuildConfiguration;
			baseConfigurationReference = 91F021E7F8683AE29A028C3B /* Pods-Networking-Firebase.release.xcconfig */;
			buildSettings = {
				ASSETCATALOG_COMPILER_APPICON_NAME = AppIcon;
				ASSETCATALOG_COMPILER_GLOBAL_ACCENT_COLOR_NAME = AccentColor;
				CODE_SIGN_ENTITLEMENTS = "Networking-Firebase/Networking-Firebase.entitlements";
				CODE_SIGN_STYLE = Automatic;
				CURRENT_PROJECT_VERSION = 1;
				DEVELOPMENT_TEAM = 642YYCTC4L;
				GENERATE_INFOPLIST_FILE = YES;
				INFOPLIST_FILE = "Networking-Firebase/Info.plist";
				INFOPLIST_KEY_CFBundleDisplayName = Networking;
				INFOPLIST_KEY_UIApplicationSupportsIndirectInputEvents = YES;
				INFOPLIST_KEY_UILaunchStoryboardName = LaunchScreen;
				INFOPLIST_KEY_UIMainStoryboardFile = Main;
				INFOPLIST_KEY_UISupportedInterfaceOrientations_iPad = "UIInterfaceOrientationPortrait UIInterfaceOrientationPortraitUpsideDown UIInterfaceOrientationLandscapeLeft UIInterfaceOrientationLandscapeRight";
				INFOPLIST_KEY_UISupportedInterfaceOrientations_iPhone = "UIInterfaceOrientationPortrait UIInterfaceOrientationLandscapeLeft UIInterfaceOrientationLandscapeRight";
				IPHONEOS_DEPLOYMENT_TARGET = 15.0;
				LD_RUNPATH_SEARCH_PATHS = (
					"$(inherited)",
					"@executable_path/Frameworks",
				);
				MARKETING_VERSION = 1.0;
				PRODUCT_BUNDLE_IDENTIFIER = "com.geroschmidt.Networking-Firebase";
				PRODUCT_NAME = "$(TARGET_NAME)";
				SWIFT_EMIT_LOC_STRINGS = YES;
				SWIFT_VERSION = 5.0;
				TARGETED_DEVICE_FAMILY = "1,2";
			};
			name = Release;
		};
/* End XCBuildConfiguration section */

/* Begin XCConfigurationList section */
		7CE7A6FE29B6177D0040EA80 /* Build configuration list for PBXProject "Networking-Firebase" */ = {
			isa = XCConfigurationList;
			buildConfigurations = (
				7CE7A71529B6177D0040EA80 /* Debug */,
				7CE7A71629B6177D0040EA80 /* Release */,
			);
			defaultConfigurationIsVisible = 0;
			defaultConfigurationName = Release;
		};
		7CE7A71729B6177D0040EA80 /* Build configuration list for PBXNativeTarget "Networking-Firebase" */ = {
			isa = XCConfigurationList;
			buildConfigurations = (
				7CE7A71829B6177D0040EA80 /* Debug */,
				7CE7A71929B6177D0040EA80 /* Release */,
			);
			defaultConfigurationIsVisible = 0;
			defaultConfigurationName = Release;
		};
/* End XCConfigurationList section */
	};
	rootObject = 7CE7A6FB29B6177D0040EA80 /* Project object */;
}
